// !$*UTF8*$!
{
	archiveVersion = 1;
	classes = {
	};
	objectVersion = 46;
	objects = {

/* Begin PBXBuildFile section */
		00FA06C020D54D09A6F37CAB /* flu.png in Resources */ = {isa = PBXBuildFile; fileRef = B8CA1A0DEE8A48A6BC993556 /* flu.png */; };
		0111B96398F64BF99399D57F /* PERSONALIZED.png in Resources */ = {isa = PBXBuildFile; fileRef = 19FB9224ACFB4A3FAC71607C /* PERSONALIZED.png */; };
		054C136FAAED4DAE9C14BCD1 /* ENTERPRISE-GRADE_th.png in Resources */ = {isa = PBXBuildFile; fileRef = 5F0F60603B5447BA8575003A /* ENTERPRISE-GRADE_th.png */; };
		0706D1D7E3DA4D228197C204 /* icon-57.png in Resources */ = {isa = PBXBuildFile; fileRef = 9DB8188673E545CD9D465EE6 /* icon-57.png */; };
		08B8DD175D7E45C89CFF6664 /* splash.png in Resources */ = {isa = PBXBuildFile; fileRef = A55EC257481E4CAD9B5E46EE /* splash.png */; };
		0DA67BAD540944D2B9F7F73F /* checkup.png in Resources */ = {isa = PBXBuildFile; fileRef = 29D96B2F9E8D442AB900DF61 /* checkup.png */; };
		14573FF921ED40A79C675E66 /* icon-health.png in Resources */ = {isa = PBXBuildFile; fileRef = 0D9E360A84F348A1B685E92D /* icon-health.png */; };
		152C354591604A2AAAF345FE /* PushPlugin.framework in Frameworks */ = {isa = PBXBuildFile; fileRef = 6613A262516C4E43AC5C4139 /* PushPlugin.framework */; };
		1BB02AB707C64509B02DB38F /* Icon-Small-50@2x.png in Resources */ = {isa = PBXBuildFile; fileRef = 2891A4DE5C8D4911BC3B54DF /* Icon-Small-50@2x.png */; };
		1EC4D08714D74984B9AC5CF6 /* OUR_SLAS_AND_th.png in Resources */ = {isa = PBXBuildFile; fileRef = 4F1C179508F94B749706A748 /* OUR_SLAS_AND_th.png */; };
		203B5876449D49558ACBB72B /* Default-667h@2x.png in Resources */ = {isa = PBXBuildFile; fileRef = 3A24F9C1FCFD480285BADC85 /* Default-667h@2x.png */; };
		243E61F78F2646DEB1FD25FD /* Default.png in Resources */ = {isa = PBXBuildFile; fileRef = 6CD74A6CCB314A9C95640F49 /* Default.png */; };
		246C8875AE254EDAB82284E9 /* Default-Landscape-667h@2x.png in Resources */ = {isa = PBXBuildFile; fileRef = 3B8C5DB9DD7B489BA1548734 /* Default-Landscape-667h@2x.png */; };
		255F5A6255924C39873EBCD0 /* WE_MAKE_IT_th.png in Resources */ = {isa = PBXBuildFile; fileRef = 3F1F96ADA18C47D7973379EA /* WE_MAKE_IT_th.png */; };
		27E7D262BFB24D3493953B09 /* LaunchScreen.xib in Resources */ = {isa = PBXBuildFile; fileRef = 3EED76E506CB4158AF33D70C /* LaunchScreen.xib */; };
		2D5C879BD17441B6B1DED844 /* icon-60.png in Resources */ = {isa = PBXBuildFile; fileRef = 1799F40210524564B7BA3E48 /* icon-60.png */; };
		3241BFFE0AEF4ADF941E7161 /* icon-57@3x.png in Resources */ = {isa = PBXBuildFile; fileRef = E5F066035F5340109C5BEEE1 /* icon-57@3x.png */; };
		354471F18E274F07AAAFE42F /* exam.png in Resources */ = {isa = PBXBuildFile; fileRef = AA0AE2BCCE0349C98263C3D7 /* exam.png */; };
		36A9D314EF0E42D98DD24EAE /* Default-Landscape@2x.png in Resources */ = {isa = PBXBuildFile; fileRef = 8596D0D0098C4928BB7F0D03 /* Default-Landscape@2x.png */; };
		39E68C7A3FF84900B67C842A /* icon-50@2x.png in Resources */ = {isa = PBXBuildFile; fileRef = 571F4BD9A36E4C9D9D793B1D /* icon-50@2x.png */; };
		3D2A820298CF4EF8AAD4F7F9 /* PushPlugin.framework in Embed Frameworks */ = {isa = PBXBuildFile; fileRef = 6613A262516C4E43AC5C4139 /* PushPlugin.framework */; settings = {ATTRIBUTES = (CodeSignOnCopy, RemoveHeadersOnCopy, ); }; };
		4268F58860414F169F91806B /* genetic.png in Resources */ = {isa = PBXBuildFile; fileRef = 1DD8E0FE887C4C93814A3A40 /* genetic.png */; };
		43077E0792274F6A9D016F91 /* Default@2x.png in Resources */ = {isa = PBXBuildFile; fileRef = A8753BF07DC0498CB17CB975 /* Default@2x.png */; };
		4337D30D165B41908FA078C2 /* KNOW_YOUR_USERS_th.png in Resources */ = {isa = PBXBuildFile; fileRef = B2144B4935F94B7A95DD06E6 /* KNOW_YOUR_USERS_th.png */; };
		43DE2AF0EE53478FA637D9DF /* iTunesArtwork@2x.png in Resources */ = {isa = PBXBuildFile; fileRef = D5892D836505439EA67AC95C /* iTunesArtwork@2x.png */; };
		4480E13CA48A4546AE8E38F1 /* ONE_BACKEND_th.png in Resources */ = {isa = PBXBuildFile; fileRef = 27FC8F25BB654D2CA175DA23 /* ONE_BACKEND_th.png */; };
		4870C89E291340F5817F7A83 /* icon-120.png in Resources */ = {isa = PBXBuildFile; fileRef = C04F2BFF6ADD4AD3BDB3D5D6 /* icon-120.png */; };
		502931A2F695455384CA4F16 /* THE_COMPLETE_PLATFORM_th.png in Resources */ = {isa = PBXBuildFile; fileRef = A92EB66900354EB1B57D1109 /* THE_COMPLETE_PLATFORM_th.png */; };
		533A1358F1804B68B82B20E4 /* consult.png in Resources */ = {isa = PBXBuildFile; fileRef = A0C1FD11AEFA4C5EB554F6A7 /* consult.png */; };
		53CD17B5BC92443CBDA55DB4 /* icon-76@2x.png in Resources */ = {isa = PBXBuildFile; fileRef = 254FCFCB7E974E8292A29F6B /* icon-76@2x.png */; };
		5486B928FF754EE4B2956E47 /* icon-40@2x.png in Resources */ = {isa = PBXBuildFile; fileRef = EEDF8F2F46E144DC981A4ABB /* icon-40@2x.png */; };
		57411624CDF8415EA1084A26 /* TURN-KEY_BACKEND.png in Resources */ = {isa = PBXBuildFile; fileRef = D6D1414A2EA6403E82C9B4FB /* TURN-KEY_BACKEND.png */; };
		5B8CB559E5E7475DA1B7082D /* Default-Landscape.png in Resources */ = {isa = PBXBuildFile; fileRef = AB29968149D641E89C111D43 /* Default-Landscape.png */; };
		5C0B67D89F6849129C9F8180 /* icon-57@2x.png in Resources */ = {isa = PBXBuildFile; fileRef = 7A2042FBD704412F95D24161 /* icon-57@2x.png */; };
		5CE29D9BDA13482BA340AE89 /* icon-40.png in Resources */ = {isa = PBXBuildFile; fileRef = 17A34D70374C4454BA4D6517 /* icon-40.png */; };
		5CED5C21ACCC48969A896C5A /* icon-72@2x.png in Resources */ = {isa = PBXBuildFile; fileRef = 5895C27B2984444DA4E81777 /* icon-72@2x.png */; };
		5D2CE60C6790427BA5B55024 /* CHOOSE_YOUR_OWN_th.png in Resources */ = {isa = PBXBuildFile; fileRef = 732C91CC25404532A0BAC8ED /* CHOOSE_YOUR_OWN_th.png */; };
		5FC3887F237C421A9FA83E4D /* Icon-Small-50.png in Resources */ = {isa = PBXBuildFile; fileRef = 28605D0E8D9A4CB4A1B6A82D /* Icon-Small-50.png */; };
		60032303510F4C6498196196 /* medications.png in Resources */ = {isa = PBXBuildFile; fileRef = F90B3730818C4C5AB42E8484 /* medications.png */; };
		60F95E1B4C164C518C5CB2E5 /* icon-Small@2x.png in Resources */ = {isa = PBXBuildFile; fileRef = 670CF135DF4D40599AAFCDA7 /* icon-Small@2x.png */; };
		6365EF47ED764A16BCC88B86 /* icon-76@3x.png in Resources */ = {isa = PBXBuildFile; fileRef = 6AD55875D19E4221B8F62DEE /* icon-76@3x.png */; };
		64B8E14CDC5644A2B45A13A8 /* Default-568h@2x.png in Resources */ = {isa = PBXBuildFile; fileRef = C5EE128127E944159D378484 /* Default-568h@2x.png */; };
		66F62443590B4D41A035A67E /* notes.png in Resources */ = {isa = PBXBuildFile; fileRef = 7EA723D54C1B44C3A3BFE69B /* notes.png */; };
		6AD88E2C9B86401CB56851A5 /* Default-Portrait@2x.png in Resources */ = {isa = PBXBuildFile; fileRef = C6B3B54D645D426AA4B03D56 /* Default-Portrait@2x.png */; };
		6DF88DAAA5854F858D71C65D /* icon-72.png in Resources */ = {isa = PBXBuildFile; fileRef = D8D6D2812BF84C4199AD7374 /* icon-72.png */; };
		71A3EE56827A44A8A9F9FECB /* icon-40@3x.png in Resources */ = {isa = PBXBuildFile; fileRef = 90CA1D989958487D861162C2 /* icon-40@3x.png */; };
		77D6213B6D80429C88BC0CFB /* Default-736h@3x.png in Resources */ = {isa = PBXBuildFile; fileRef = 19C06752D0E049ECB5B627C8 /* Default-736h@3x.png */; };
		7A05C8B46DCA42649C6CF052 /* TNSWidgets.framework in Embed Frameworks */ = {isa = PBXBuildFile; fileRef = D100FE39016E428589950D64 /* TNSWidgets.framework */; settings = {ATTRIBUTES = (CodeSignOnCopy, RemoveHeadersOnCopy, ); }; };
		80458200CD2D440E92A3C08D /* kinvey-logo-black.png in Resources */ = {isa = PBXBuildFile; fileRef = 17E39D4599C44FD0AED9F388 /* kinvey-logo-black.png */; };
		84553FFD738F4A87AC3B5D54 /* iTunesArtwork.png in Resources */ = {isa = PBXBuildFile; fileRef = 4CD6394CD7C84E6FA41C16F2 /* iTunesArtwork.png */; };
		857317F64671E6D097AA5AEF /* Pods_ProgressSDE.framework in Frameworks */ = {isa = PBXBuildFile; fileRef = 073D0757C62B2F5D2CFBCA69 /* Pods_ProgressSDE.framework */; };
		858B842D18CA22B800AB12DE /* InfoPlist.strings in Resources */ = {isa = PBXBuildFile; fileRef = 858B833A18CA111C00AB12DE /* InfoPlist.strings */; };
		8C2CC6523A404DB3983E67AE /* icon-60@2x.png in Resources */ = {isa = PBXBuildFile; fileRef = 998F294630204079BD884BB9 /* icon-60@2x.png */; };
		8CEAA8720C0048FFBA4BE121 /* TNSWidgets.framework in Frameworks */ = {isa = PBXBuildFile; fileRef = D100FE39016E428589950D64 /* TNSWidgets.framework */; };
		8E7AD18EB8254C46902FCB37 /* icon-76.png in Resources */ = {isa = PBXBuildFile; fileRef = F63E390932484C74BD0EBA98 /* icon-76.png */; };
		903116986F384625A068BB10 /* nehlogo.png in Resources */ = {isa = PBXBuildFile; fileRef = 9FB7A86EC4024C0F9D3465D2 /* nehlogo.png */; };
		92E124C4DEBE4116A848F656 /* TelerikUI.framework in Frameworks */ = {isa = PBXBuildFile; fileRef = 3036B2170A3047398AD20774 /* TelerikUI.framework */; };
		93117D6DF3FB4D7985624417 /* icon-50.png in Resources */ = {isa = PBXBuildFile; fileRef = A40529AD80EA4F339D443FFF /* icon-50.png */; };
		95B0F38B82B24DD789A32943 /* kinvey-logo.png in Resources */ = {isa = PBXBuildFile; fileRef = D82E129FFA1E4FECBD5FAF09 /* kinvey-logo.png */; };
		99CE1385D38740BE9CD693EC /* icon 2.png in Resources */ = {isa = PBXBuildFile; fileRef = D017CF42AD904263B8FC70A7 /* icon 2.png */; };
		9ABA58A909DF444FB387BB9B /* icon-Small.png in Resources */ = {isa = PBXBuildFile; fileRef = 6F95C8710FDF46A7A2E3D46C /* icon-Small.png */; };
		9B15A8564A3141DF8BC71325 /* THE_COMPLETE_PLATFORM.png in Resources */ = {isa = PBXBuildFile; fileRef = D0579F6DF9BE4C1CB796073A /* THE_COMPLETE_PLATFORM.png */; };
		9C06349C7E6846928FFCB1F0 /* icon.png in Resources */ = {isa = PBXBuildFile; fileRef = B03E167616EC42C6B677FB80 /* icon.png */; };
		A16A87CC052D457D87FAE58B /* WE_MAKE_IT.png in Resources */ = {isa = PBXBuildFile; fileRef = E82D74CA63224DBBB62ECEFB /* WE_MAKE_IT.png */; };
		A368890A0AF8478D911413E1 /* CHOOSE_YOUR_OWN.png in Resources */ = {isa = PBXBuildFile; fileRef = 464FDF83C2C1483284DE6EDA /* CHOOSE_YOUR_OWN.png */; };
		A65A37CA728B4616B5EBDFD1 /* OUR_SLAS_AND.png in Resources */ = {isa = PBXBuildFile; fileRef = 7AA6ECBBBB364BEAB552D357 /* OUR_SLAS_AND.png */; };
		A76A7FCC4B8C48FCA176681B /* icon-20@2x.png in Resources */ = {isa = PBXBuildFile; fileRef = 8F88704843D343E3A4F85BC9 /* icon-20@2x.png */; };
		A9B3C766EFD84C8C80E2E430 /* icon-29.png in Resources */ = {isa = PBXBuildFile; fileRef = 1DDFCCD6AE574CD2A9DE39E0 /* icon-29.png */; };
		AC655E4E493E48B09451A0F8 /* KNOW_YOUR_USERS.png in Resources */ = {isa = PBXBuildFile; fileRef = 39318AF80D4040DABF58AE4D /* KNOW_YOUR_USERS.png */; };
		AD2EA8532E6A44E6AB3D8B2C /* TelerikUI.framework in Embed Frameworks */ = {isa = PBXBuildFile; fileRef = 3036B2170A3047398AD20774 /* TelerikUI.framework */; settings = {ATTRIBUTES = (CodeSignOnCopy, RemoveHeadersOnCopy, ); }; };
		B146F9FC0CFB46AEAC7DCA56 /* list.png in Resources */ = {isa = PBXBuildFile; fileRef = 5DB70AAD78884A5693459518 /* list.png */; };
		B2258F02568345AC8BDD7DA8 /* icon-50@3x.png in Resources */ = {isa = PBXBuildFile; fileRef = 24545ECBD4F44B6A981FBFB2 /* icon-50@3x.png */; };
		B8955978EA69450DA08DBB8F /* icon-29@3x.png in Resources */ = {isa = PBXBuildFile; fileRef = 5B56EFE7844D41369909945B /* icon-29@3x.png */; };
		BA8962D3BA3C47D1AEE9EA5B /* icon-60@3x.png in Resources */ = {isa = PBXBuildFile; fileRef = E9200481E74F4EE58F0E27C6 /* icon-60@3x.png */; };
		BB9FB5A3B2624150980BB1F5 /* Default-Portrait.png in Resources */ = {isa = PBXBuildFile; fileRef = 9DC1885568674D72B1D2958E /* Default-Portrait.png */; };
		C85FD800F8E84843AD693EBC /* ONE_BACKEND.png in Resources */ = {isa = PBXBuildFile; fileRef = 6F768B38344C4C9881003928 /* ONE_BACKEND.png */; };
		CB50F21D32174723AA459E21 /* Default-Landscape@3x.png in Resources */ = {isa = PBXBuildFile; fileRef = 1343A9381EF44428A960B296 /* Default-Landscape@3x.png */; };
		CBEC82D010D34D29B6EB9ABD /* colon.png in Resources */ = {isa = PBXBuildFile; fileRef = 18756A0D5A02441EA837E402 /* colon.png */; };
		CC0769C41678498CA7F0F332 /* ic_menu.png in Resources */ = {isa = PBXBuildFile; fileRef = 26821EB40C9F4DB49DCA4A8B /* ic_menu.png */; };
		CD45EE7C18DC2D5800FB50C0 /* app in Resources */ = {isa = PBXBuildFile; fileRef = CD45EE7A18DC2D5800FB50C0 /* app */; };
		CD62955D1BB2678900AE3A93 /* main.m in Sources */ = {isa = PBXBuildFile; fileRef = CD62955C1BB2678900AE3A93 /* main.m */; };
		D0E8631D404C4CD6890D4396 /* icon-20.png in Resources */ = {isa = PBXBuildFile; fileRef = EC76BACF53EF4E30BDDE5B95 /* icon-20.png */; };
		D84C0CBD97A04DDB82D463DC /* Contents.json in Resources */ = {isa = PBXBuildFile; fileRef = 23FCEFEBB5B44DFF81408425 /* Contents.json */; };
		D880D2A6C21441D389D1A1EC /* icon-Small@3x.png in Resources */ = {isa = PBXBuildFile; fileRef = DD8CAC10EFDF45678E522BD5 /* icon-Small@3x.png */; };
		DCBE8065AEE04D73AEF1E28C /* PROTECT_YOUR_th.png in Resources */ = {isa = PBXBuildFile; fileRef = B759BD80FD714B609BAE5EC0 /* PROTECT_YOUR_th.png */; };
		DD15772056654B409FC3A6D3 /* PERSONALIZED_th.png in Resources */ = {isa = PBXBuildFile; fileRef = 83F2D13ABAFF410A8E3EFA21 /* PERSONALIZED_th.png */; };
		E33B6CD562FF4A17B36F43E4 /* icon-72@3x.png in Resources */ = {isa = PBXBuildFile; fileRef = E1215EA12C194DA7A69ABA36 /* icon-72@3x.png */; };
		E3E19AA511224A12956709F0 /* ic_menu@2x.png in Resources */ = {isa = PBXBuildFile; fileRef = 52DE4009DD0F4D30A501CAD2 /* ic_menu@2x.png */; };
		E91E29ABC00D458B88B7956E /* ic_menu@3x.png in Resources */ = {isa = PBXBuildFile; fileRef = A8DD9DF520694E46A11A4F62 /* ic_menu@3x.png */; };
		EA4580710F6E4C64B2AF76DC /* icon-20@3x.png in Resources */ = {isa = PBXBuildFile; fileRef = B2A831B214F14870ABBA5BC9 /* icon-20@3x.png */; };
		F097E7818A8F4981BD08AFF5 /* ENTERPRISE-GRADE.png in Resources */ = {isa = PBXBuildFile; fileRef = D4462564A1314A1EBC128E74 /* ENTERPRISE-GRADE.png */; };
		F15FA24D1FD74868A18910CC /* icon@2x.png in Resources */ = {isa = PBXBuildFile; fileRef = 5AC3E43949FB4090B99494C1 /* icon@2x.png */; };
		F1D5F41DBA954F5596196501 /* icon-29@2x.png in Resources */ = {isa = PBXBuildFile; fileRef = 260D15F7F1A5419494020508 /* icon-29@2x.png */; };
		F1FF30C9D6E345039347765A /* TURN-KEY_BACKEND_th.png in Resources */ = {isa = PBXBuildFile; fileRef = B4824D73A10A4F3B95CDF9B1 /* TURN-KEY_BACKEND_th.png */; };
		F78D064AC4E3471692FF8841 /* questions.png in Resources */ = {isa = PBXBuildFile; fileRef = 2AC77B0961C04504A930A21D /* questions.png */; };
		FA98CE63F76A474CA009D3E5 /* Default-Landscape-568h@2x.png in Resources */ = {isa = PBXBuildFile; fileRef = 03D6E40336F14C6CA0F07314 /* Default-Landscape-568h@2x.png */; };
		FAF7F968E12C4DFC83299F69 /* PROTECT_YOUR.png in Resources */ = {isa = PBXBuildFile; fileRef = B41A8D4513174D179F108234 /* PROTECT_YOUR.png */; };
		FF52BFE15E764350BC3AE2D9 /* icon-83.5@2x.png in Resources */ = {isa = PBXBuildFile; fileRef = 5BF10394245940F48EB6ED7F /* icon-83.5@2x.png */; };
/* End PBXBuildFile section */

/* Begin PBXCopyFilesBuildPhase section */
		85F5BDFC1A9363BE006B9701 /* Embed Frameworks */ = {
			isa = PBXCopyFilesBuildPhase;
			buildActionMask = 2147483647;
			dstPath = "";
			dstSubfolderSpec = 10;
			files = (
				3D2A820298CF4EF8AAD4F7F9 /* PushPlugin.framework in Embed Frameworks */,
				AD2EA8532E6A44E6AB3D8B2C /* TelerikUI.framework in Embed Frameworks */,
				7A05C8B46DCA42649C6CF052 /* TNSWidgets.framework in Embed Frameworks */,
			);
			name = "Embed Frameworks";
			runOnlyForDeploymentPostprocessing = 0;
		};
/* End PBXCopyFilesBuildPhase section */

/* Begin PBXFileReference section */
		03D6E40336F14C6CA0F07314 /* Default-Landscape-568h@2x.png */ = {isa = PBXFileReference; lastKnownFileType = image.png; name = "Default-Landscape-568h@2x.png"; path = "ProgressSDE/Resources/Default-Landscape-568h@2x.png"; sourceTree = "<group>"; };
		073D0757C62B2F5D2CFBCA69 /* Pods_ProgressSDE.framework */ = {isa = PBXFileReference; explicitFileType = wrapper.framework; includeInIndex = 0; path = Pods_ProgressSDE.framework; sourceTree = BUILT_PRODUCTS_DIR; };
		0D9E360A84F348A1B685E92D /* icon-health.png */ = {isa = PBXFileReference; lastKnownFileType = image.png; name = "icon-health.png"; path = "ProgressSDE/Resources/icon-health.png"; sourceTree = "<group>"; };
		1343A9381EF44428A960B296 /* Default-Landscape@3x.png */ = {isa = PBXFileReference; lastKnownFileType = image.png; name = "Default-Landscape@3x.png"; path = "ProgressSDE/Resources/Default-Landscape@3x.png"; sourceTree = "<group>"; };
		1799F40210524564B7BA3E48 /* icon-60.png */ = {isa = PBXFileReference; lastKnownFileType = image.png; name = "icon-60.png"; path = "ProgressSDE/Resources/icon-60.png"; sourceTree = "<group>"; };
		17A34D70374C4454BA4D6517 /* icon-40.png */ = {isa = PBXFileReference; lastKnownFileType = image.png; name = "icon-40.png"; path = "ProgressSDE/Resources/icon-40.png"; sourceTree = "<group>"; };
		17E39D4599C44FD0AED9F388 /* kinvey-logo-black.png */ = {isa = PBXFileReference; lastKnownFileType = image.png; name = "kinvey-logo-black.png"; path = "ProgressSDE/Resources/kinvey-logo-black.png"; sourceTree = "<group>"; };
		18756A0D5A02441EA837E402 /* colon.png */ = {isa = PBXFileReference; lastKnownFileType = image.png; name = colon.png; path = ProgressSDE/Resources/colon.png; sourceTree = "<group>"; };
		19C06752D0E049ECB5B627C8 /* Default-736h@3x.png */ = {isa = PBXFileReference; lastKnownFileType = image.png; name = "Default-736h@3x.png"; path = "ProgressSDE/Resources/Default-736h@3x.png"; sourceTree = "<group>"; };
		19FB9224ACFB4A3FAC71607C /* PERSONALIZED.png */ = {isa = PBXFileReference; lastKnownFileType = image.png; name = PERSONALIZED.png; path = ProgressSDE/Resources/PERSONALIZED.png; sourceTree = "<group>"; };
		1DD8E0FE887C4C93814A3A40 /* genetic.png */ = {isa = PBXFileReference; lastKnownFileType = image.png; name = genetic.png; path = ProgressSDE/Resources/genetic.png; sourceTree = "<group>"; };
		1DDFCCD6AE574CD2A9DE39E0 /* icon-29.png */ = {isa = PBXFileReference; lastKnownFileType = image.png; name = "icon-29.png"; path = "ProgressSDE/Resources/icon-29.png"; sourceTree = "<group>"; };
		23FCEFEBB5B44DFF81408425 /* Contents.json */ = {isa = PBXFileReference; fileEncoding = 4; lastKnownFileType = unknown; name = Contents.json; path = ProgressSDE/Resources/Contents.json; sourceTree = "<group>"; };
		24545ECBD4F44B6A981FBFB2 /* icon-50@3x.png */ = {isa = PBXFileReference; lastKnownFileType = image.png; name = "icon-50@3x.png"; path = "ProgressSDE/Resources/icon-50@3x.png"; sourceTree = "<group>"; };
		254FCFCB7E974E8292A29F6B /* icon-76@2x.png */ = {isa = PBXFileReference; lastKnownFileType = image.png; name = "icon-76@2x.png"; path = "ProgressSDE/Resources/icon-76@2x.png"; sourceTree = "<group>"; };
		260D15F7F1A5419494020508 /* icon-29@2x.png */ = {isa = PBXFileReference; lastKnownFileType = image.png; name = "icon-29@2x.png"; path = "ProgressSDE/Resources/icon-29@2x.png"; sourceTree = "<group>"; };
		26821EB40C9F4DB49DCA4A8B /* ic_menu.png */ = {isa = PBXFileReference; lastKnownFileType = image.png; name = ic_menu.png; path = ProgressSDE/Resources/ic_menu.png; sourceTree = "<group>"; };
		27FC8F25BB654D2CA175DA23 /* ONE_BACKEND_th.png */ = {isa = PBXFileReference; lastKnownFileType = image.png; name = ONE_BACKEND_th.png; path = ProgressSDE/Resources/ONE_BACKEND_th.png; sourceTree = "<group>"; };
		28605D0E8D9A4CB4A1B6A82D /* Icon-Small-50.png */ = {isa = PBXFileReference; lastKnownFileType = image.png; name = "Icon-Small-50.png"; path = "ProgressSDE/Resources/Icon-Small-50.png"; sourceTree = "<group>"; };
		2891A4DE5C8D4911BC3B54DF /* Icon-Small-50@2x.png */ = {isa = PBXFileReference; lastKnownFileType = image.png; name = "Icon-Small-50@2x.png"; path = "ProgressSDE/Resources/Icon-Small-50@2x.png"; sourceTree = "<group>"; };
		29D96B2F9E8D442AB900DF61 /* checkup.png */ = {isa = PBXFileReference; lastKnownFileType = image.png; name = checkup.png; path = ProgressSDE/Resources/checkup.png; sourceTree = "<group>"; };
		2AC77B0961C04504A930A21D /* questions.png */ = {isa = PBXFileReference; lastKnownFileType = image.png; name = questions.png; path = ProgressSDE/Resources/questions.png; sourceTree = "<group>"; };
		3036B2170A3047398AD20774 /* TelerikUI.framework */ = {isa = PBXFileReference; lastKnownFileType = wrapper.framework; name = TelerikUI.framework; path = "$(SRCROOT)/../../node_modules/nativescript-telerik-ui/platforms/ios/TelerikUI.framework"; sourceTree = "<group>"; };
		39318AF80D4040DABF58AE4D /* KNOW_YOUR_USERS.png */ = {isa = PBXFileReference; lastKnownFileType = image.png; name = KNOW_YOUR_USERS.png; path = ProgressSDE/Resources/KNOW_YOUR_USERS.png; sourceTree = "<group>"; };
		3A24F9C1FCFD480285BADC85 /* Default-667h@2x.png */ = {isa = PBXFileReference; lastKnownFileType = image.png; name = "Default-667h@2x.png"; path = "ProgressSDE/Resources/Default-667h@2x.png"; sourceTree = "<group>"; };
		3B8C5DB9DD7B489BA1548734 /* Default-Landscape-667h@2x.png */ = {isa = PBXFileReference; lastKnownFileType = image.png; name = "Default-Landscape-667h@2x.png"; path = "ProgressSDE/Resources/Default-Landscape-667h@2x.png"; sourceTree = "<group>"; };
		3EED76E506CB4158AF33D70C /* LaunchScreen.xib */ = {isa = PBXFileReference; fileEncoding = 4; lastKnownFileType = file.xib; name = LaunchScreen.xib; path = ProgressSDE/Resources/LaunchScreen.xib; sourceTree = "<group>"; };
		3F1F96ADA18C47D7973379EA /* WE_MAKE_IT_th.png */ = {isa = PBXFileReference; lastKnownFileType = image.png; name = WE_MAKE_IT_th.png; path = ProgressSDE/Resources/WE_MAKE_IT_th.png; sourceTree = "<group>"; };
		464FDF83C2C1483284DE6EDA /* CHOOSE_YOUR_OWN.png */ = {isa = PBXFileReference; lastKnownFileType = image.png; name = CHOOSE_YOUR_OWN.png; path = ProgressSDE/Resources/CHOOSE_YOUR_OWN.png; sourceTree = "<group>"; };
		4CD6394CD7C84E6FA41C16F2 /* iTunesArtwork.png */ = {isa = PBXFileReference; lastKnownFileType = image.png; name = iTunesArtwork.png; path = ProgressSDE/Resources/iTunesArtwork.png; sourceTree = "<group>"; };
		4F1C179508F94B749706A748 /* OUR_SLAS_AND_th.png */ = {isa = PBXFileReference; lastKnownFileType = image.png; name = OUR_SLAS_AND_th.png; path = ProgressSDE/Resources/OUR_SLAS_AND_th.png; sourceTree = "<group>"; };
		52DE4009DD0F4D30A501CAD2 /* ic_menu@2x.png */ = {isa = PBXFileReference; lastKnownFileType = image.png; name = "ic_menu@2x.png"; path = "ProgressSDE/Resources/ic_menu@2x.png"; sourceTree = "<group>"; };
		571F4BD9A36E4C9D9D793B1D /* icon-50@2x.png */ = {isa = PBXFileReference; lastKnownFileType = image.png; name = "icon-50@2x.png"; path = "ProgressSDE/Resources/icon-50@2x.png"; sourceTree = "<group>"; };
		5895C27B2984444DA4E81777 /* icon-72@2x.png */ = {isa = PBXFileReference; lastKnownFileType = image.png; name = "icon-72@2x.png"; path = "ProgressSDE/Resources/icon-72@2x.png"; sourceTree = "<group>"; };
		5AC3E43949FB4090B99494C1 /* icon@2x.png */ = {isa = PBXFileReference; lastKnownFileType = image.png; name = "icon@2x.png"; path = "ProgressSDE/Resources/icon@2x.png"; sourceTree = "<group>"; };
		5B56EFE7844D41369909945B /* icon-29@3x.png */ = {isa = PBXFileReference; lastKnownFileType = image.png; name = "icon-29@3x.png"; path = "ProgressSDE/Resources/icon-29@3x.png"; sourceTree = "<group>"; };
		5BF10394245940F48EB6ED7F /* icon-83.5@2x.png */ = {isa = PBXFileReference; lastKnownFileType = image.png; name = "icon-83.5@2x.png"; path = "ProgressSDE/Resources/icon-83.5@2x.png"; sourceTree = "<group>"; };
		5DB70AAD78884A5693459518 /* list.png */ = {isa = PBXFileReference; lastKnownFileType = image.png; name = list.png; path = ProgressSDE/Resources/list.png; sourceTree = "<group>"; };
		5F0F60603B5447BA8575003A /* ENTERPRISE-GRADE_th.png */ = {isa = PBXFileReference; lastKnownFileType = image.png; name = "ENTERPRISE-GRADE_th.png"; path = "ProgressSDE/Resources/ENTERPRISE-GRADE_th.png"; sourceTree = "<group>"; };
		6613A262516C4E43AC5C4139 /* PushPlugin.framework */ = {isa = PBXFileReference; lastKnownFileType = wrapper.framework; name = PushPlugin.framework; path = "$(SRCROOT)/../../node_modules/nativescript-push-notifications/platforms/ios/PushPlugin.framework"; sourceTree = "<group>"; };
		670CF135DF4D40599AAFCDA7 /* icon-Small@2x.png */ = {isa = PBXFileReference; lastKnownFileType = image.png; name = "icon-Small@2x.png"; path = "ProgressSDE/Resources/icon-Small@2x.png"; sourceTree = "<group>"; };
		6AD55875D19E4221B8F62DEE /* icon-76@3x.png */ = {isa = PBXFileReference; lastKnownFileType = image.png; name = "icon-76@3x.png"; path = "ProgressSDE/Resources/icon-76@3x.png"; sourceTree = "<group>"; };
		6CD74A6CCB314A9C95640F49 /* Default.png */ = {isa = PBXFileReference; lastKnownFileType = image.png; name = Default.png; path = ProgressSDE/Resources/Default.png; sourceTree = "<group>"; };
		6F768B38344C4C9881003928 /* ONE_BACKEND.png */ = {isa = PBXFileReference; lastKnownFileType = image.png; name = ONE_BACKEND.png; path = ProgressSDE/Resources/ONE_BACKEND.png; sourceTree = "<group>"; };
		6F95C8710FDF46A7A2E3D46C /* icon-Small.png */ = {isa = PBXFileReference; lastKnownFileType = image.png; name = "icon-Small.png"; path = "ProgressSDE/Resources/icon-Small.png"; sourceTree = "<group>"; };
		732C91CC25404532A0BAC8ED /* CHOOSE_YOUR_OWN_th.png */ = {isa = PBXFileReference; lastKnownFileType = image.png; name = CHOOSE_YOUR_OWN_th.png; path = ProgressSDE/Resources/CHOOSE_YOUR_OWN_th.png; sourceTree = "<group>"; };
		7A2042FBD704412F95D24161 /* icon-57@2x.png */ = {isa = PBXFileReference; lastKnownFileType = image.png; name = "icon-57@2x.png"; path = "ProgressSDE/Resources/icon-57@2x.png"; sourceTree = "<group>"; };
		7AA6ECBBBB364BEAB552D357 /* OUR_SLAS_AND.png */ = {isa = PBXFileReference; lastKnownFileType = image.png; name = OUR_SLAS_AND.png; path = ProgressSDE/Resources/OUR_SLAS_AND.png; sourceTree = "<group>"; };
		7EA723D54C1B44C3A3BFE69B /* notes.png */ = {isa = PBXFileReference; lastKnownFileType = image.png; name = notes.png; path = ProgressSDE/Resources/notes.png; sourceTree = "<group>"; };
		83F2D13ABAFF410A8E3EFA21 /* PERSONALIZED_th.png */ = {isa = PBXFileReference; lastKnownFileType = image.png; name = PERSONALIZED_th.png; path = ProgressSDE/Resources/PERSONALIZED_th.png; sourceTree = "<group>"; };
		858B832E18CA111C00AB12DE /* ProgressSDE.app */ = {isa = PBXFileReference; explicitFileType = wrapper.application; includeInIndex = 0; path = ProgressSDE.app; sourceTree = BUILT_PRODUCTS_DIR; };
		858B833918CA111C00AB12DE /* ProgressSDE-Info.plist */ = {isa = PBXFileReference; lastKnownFileType = text.plist.xml; path = "ProgressSDE-Info.plist"; sourceTree = "<group>"; };
		858B833B18CA111C00AB12DE /* en */ = {isa = PBXFileReference; lastKnownFileType = text.plist.strings; name = en; path = en.lproj/InfoPlist.strings; sourceTree = "<group>"; };
		858B833F18CA111C00AB12DE /* ProgressSDE-Prefix.pch */ = {isa = PBXFileReference; lastKnownFileType = sourcecode.c.h; path = "ProgressSDE-Prefix.pch"; sourceTree = "<group>"; };
		858B843318CA22B800AB12DE /* ProgressSDE.app */ = {isa = PBXFileReference; explicitFileType = wrapper.application; includeInIndex = 0; path = ProgressSDE.app; sourceTree = BUILT_PRODUCTS_DIR; };
		8596D0D0098C4928BB7F0D03 /* Default-Landscape@2x.png */ = {isa = PBXFileReference; lastKnownFileType = image.png; name = "Default-Landscape@2x.png"; path = "ProgressSDE/Resources/Default-Landscape@2x.png"; sourceTree = "<group>"; };
		8F88704843D343E3A4F85BC9 /* icon-20@2x.png */ = {isa = PBXFileReference; lastKnownFileType = image.png; name = "icon-20@2x.png"; path = "ProgressSDE/Resources/icon-20@2x.png"; sourceTree = "<group>"; };
		90CA1D989958487D861162C2 /* icon-40@3x.png */ = {isa = PBXFileReference; lastKnownFileType = image.png; name = "icon-40@3x.png"; path = "ProgressSDE/Resources/icon-40@3x.png"; sourceTree = "<group>"; };
		998F294630204079BD884BB9 /* icon-60@2x.png */ = {isa = PBXFileReference; lastKnownFileType = image.png; name = "icon-60@2x.png"; path = "ProgressSDE/Resources/icon-60@2x.png"; sourceTree = "<group>"; };
		9DB8188673E545CD9D465EE6 /* icon-57.png */ = {isa = PBXFileReference; lastKnownFileType = image.png; name = "icon-57.png"; path = "ProgressSDE/Resources/icon-57.png"; sourceTree = "<group>"; };
		9DC1885568674D72B1D2958E /* Default-Portrait.png */ = {isa = PBXFileReference; lastKnownFileType = image.png; name = "Default-Portrait.png"; path = "ProgressSDE/Resources/Default-Portrait.png"; sourceTree = "<group>"; };
		9FB7A86EC4024C0F9D3465D2 /* nehlogo.png */ = {isa = PBXFileReference; lastKnownFileType = image.png; name = nehlogo.png; path = ProgressSDE/Resources/nehlogo.png; sourceTree = "<group>"; };
		A0C1FD11AEFA4C5EB554F6A7 /* consult.png */ = {isa = PBXFileReference; lastKnownFileType = image.png; name = consult.png; path = ProgressSDE/Resources/consult.png; sourceTree = "<group>"; };
		A40529AD80EA4F339D443FFF /* icon-50.png */ = {isa = PBXFileReference; lastKnownFileType = image.png; name = "icon-50.png"; path = "ProgressSDE/Resources/icon-50.png"; sourceTree = "<group>"; };
		A55EC257481E4CAD9B5E46EE /* splash.png */ = {isa = PBXFileReference; lastKnownFileType = image.png; name = splash.png; path = ProgressSDE/Resources/splash.png; sourceTree = "<group>"; };
		A8753BF07DC0498CB17CB975 /* Default@2x.png */ = {isa = PBXFileReference; lastKnownFileType = image.png; name = "Default@2x.png"; path = "ProgressSDE/Resources/Default@2x.png"; sourceTree = "<group>"; };
		A8DD9DF520694E46A11A4F62 /* ic_menu@3x.png */ = {isa = PBXFileReference; lastKnownFileType = image.png; name = "ic_menu@3x.png"; path = "ProgressSDE/Resources/ic_menu@3x.png"; sourceTree = "<group>"; };
		A92EB66900354EB1B57D1109 /* THE_COMPLETE_PLATFORM_th.png */ = {isa = PBXFileReference; lastKnownFileType = image.png; name = THE_COMPLETE_PLATFORM_th.png; path = ProgressSDE/Resources/THE_COMPLETE_PLATFORM_th.png; sourceTree = "<group>"; };
		AA0AE2BCCE0349C98263C3D7 /* exam.png */ = {isa = PBXFileReference; lastKnownFileType = image.png; name = exam.png; path = ProgressSDE/Resources/exam.png; sourceTree = "<group>"; };
		AB29968149D641E89C111D43 /* Default-Landscape.png */ = {isa = PBXFileReference; lastKnownFileType = image.png; name = "Default-Landscape.png"; path = "ProgressSDE/Resources/Default-Landscape.png"; sourceTree = "<group>"; };
		B03E167616EC42C6B677FB80 /* icon.png */ = {isa = PBXFileReference; lastKnownFileType = image.png; name = icon.png; path = ProgressSDE/Resources/icon.png; sourceTree = "<group>"; };
		B2144B4935F94B7A95DD06E6 /* KNOW_YOUR_USERS_th.png */ = {isa = PBXFileReference; lastKnownFileType = image.png; name = KNOW_YOUR_USERS_th.png; path = ProgressSDE/Resources/KNOW_YOUR_USERS_th.png; sourceTree = "<group>"; };
		B2A831B214F14870ABBA5BC9 /* icon-20@3x.png */ = {isa = PBXFileReference; lastKnownFileType = image.png; name = "icon-20@3x.png"; path = "ProgressSDE/Resources/icon-20@3x.png"; sourceTree = "<group>"; };
		B41A8D4513174D179F108234 /* PROTECT_YOUR.png */ = {isa = PBXFileReference; lastKnownFileType = image.png; name = PROTECT_YOUR.png; path = ProgressSDE/Resources/PROTECT_YOUR.png; sourceTree = "<group>"; };
		B4824D73A10A4F3B95CDF9B1 /* TURN-KEY_BACKEND_th.png */ = {isa = PBXFileReference; lastKnownFileType = image.png; name = "TURN-KEY_BACKEND_th.png"; path = "ProgressSDE/Resources/TURN-KEY_BACKEND_th.png"; sourceTree = "<group>"; };
		B759BD80FD714B609BAE5EC0 /* PROTECT_YOUR_th.png */ = {isa = PBXFileReference; lastKnownFileType = image.png; name = PROTECT_YOUR_th.png; path = ProgressSDE/Resources/PROTECT_YOUR_th.png; sourceTree = "<group>"; };
		B8CA1A0DEE8A48A6BC993556 /* flu.png */ = {isa = PBXFileReference; lastKnownFileType = image.png; name = flu.png; path = ProgressSDE/Resources/flu.png; sourceTree = "<group>"; };
		C04F2BFF6ADD4AD3BDB3D5D6 /* icon-120.png */ = {isa = PBXFileReference; lastKnownFileType = image.png; name = "icon-120.png"; path = "ProgressSDE/Resources/icon-120.png"; sourceTree = "<group>"; };
		C5EE128127E944159D378484 /* Default-568h@2x.png */ = {isa = PBXFileReference; lastKnownFileType = image.png; name = "Default-568h@2x.png"; path = "ProgressSDE/Resources/Default-568h@2x.png"; sourceTree = "<group>"; };
		C6B3B54D645D426AA4B03D56 /* Default-Portrait@2x.png */ = {isa = PBXFileReference; lastKnownFileType = image.png; name = "Default-Portrait@2x.png"; path = "ProgressSDE/Resources/Default-Portrait@2x.png"; sourceTree = "<group>"; };
		CD45EE7A18DC2D5800FB50C0 /* app */ = {isa = PBXFileReference; lastKnownFileType = folder; path = app; sourceTree = "<group>"; };
		CD62955C1BB2678900AE3A93 /* main.m */ = {isa = PBXFileReference; fileEncoding = 4; lastKnownFileType = sourcecode.c.objc; name = main.m; path = internal/main.m; sourceTree = SOURCE_ROOT; };
		CDD59A261BB43B5D00EC2671 /* build-debug.xcconfig */ = {isa = PBXFileReference; fileEncoding = 4; lastKnownFileType = text.xcconfig; path = "build-debug.xcconfig"; sourceTree = "<group>"; };
		CDD59A271BB43B5D00EC2671 /* build-release.xcconfig */ = {isa = PBXFileReference; fileEncoding = 4; lastKnownFileType = text.xcconfig; path = "build-release.xcconfig"; sourceTree = "<group>"; };
		CDF4743E1BA4855C0087EA85 /* build.xcconfig */ = {isa = PBXFileReference; fileEncoding = 4; lastKnownFileType = text.xcconfig; path = build.xcconfig; sourceTree = "<group>"; };
		D017CF42AD904263B8FC70A7 /* icon 2.png */ = {isa = PBXFileReference; lastKnownFileType = image.png; name = "icon 2.png"; path = "ProgressSDE/Resources/icon 2.png"; sourceTree = "<group>"; };
		D0579F6DF9BE4C1CB796073A /* THE_COMPLETE_PLATFORM.png */ = {isa = PBXFileReference; lastKnownFileType = image.png; name = THE_COMPLETE_PLATFORM.png; path = ProgressSDE/Resources/THE_COMPLETE_PLATFORM.png; sourceTree = "<group>"; };
		D100FE39016E428589950D64 /* TNSWidgets.framework */ = {isa = PBXFileReference; lastKnownFileType = wrapper.framework; name = TNSWidgets.framework; path = "$(SRCROOT)/../../node_modules/tns-core-modules-widgets/platforms/ios/TNSWidgets.framework"; sourceTree = "<group>"; };
		D4462564A1314A1EBC128E74 /* ENTERPRISE-GRADE.png */ = {isa = PBXFileReference; lastKnownFileType = image.png; name = "ENTERPRISE-GRADE.png"; path = "ProgressSDE/Resources/ENTERPRISE-GRADE.png"; sourceTree = "<group>"; };
		D5892D836505439EA67AC95C /* iTunesArtwork@2x.png */ = {isa = PBXFileReference; lastKnownFileType = image.png; name = "iTunesArtwork@2x.png"; path = "ProgressSDE/Resources/iTunesArtwork@2x.png"; sourceTree = "<group>"; };
		D6D1414A2EA6403E82C9B4FB /* TURN-KEY_BACKEND.png */ = {isa = PBXFileReference; lastKnownFileType = image.png; name = "TURN-KEY_BACKEND.png"; path = "ProgressSDE/Resources/TURN-KEY_BACKEND.png"; sourceTree = "<group>"; };
		D82E129FFA1E4FECBD5FAF09 /* kinvey-logo.png */ = {isa = PBXFileReference; lastKnownFileType = image.png; name = "kinvey-logo.png"; path = "ProgressSDE/Resources/kinvey-logo.png"; sourceTree = "<group>"; };
		D8D6D2812BF84C4199AD7374 /* icon-72.png */ = {isa = PBXFileReference; lastKnownFileType = image.png; name = "icon-72.png"; path = "ProgressSDE/Resources/icon-72.png"; sourceTree = "<group>"; };
		DD8CAC10EFDF45678E522BD5 /* icon-Small@3x.png */ = {isa = PBXFileReference; lastKnownFileType = image.png; name = "icon-Small@3x.png"; path = "ProgressSDE/Resources/icon-Small@3x.png"; sourceTree = "<group>"; };
		E1215EA12C194DA7A69ABA36 /* icon-72@3x.png */ = {isa = PBXFileReference; lastKnownFileType = image.png; name = "icon-72@3x.png"; path = "ProgressSDE/Resources/icon-72@3x.png"; sourceTree = "<group>"; };
		E5F066035F5340109C5BEEE1 /* icon-57@3x.png */ = {isa = PBXFileReference; lastKnownFileType = image.png; name = "icon-57@3x.png"; path = "ProgressSDE/Resources/icon-57@3x.png"; sourceTree = "<group>"; };
		E82D74CA63224DBBB62ECEFB /* WE_MAKE_IT.png */ = {isa = PBXFileReference; lastKnownFileType = image.png; name = WE_MAKE_IT.png; path = ProgressSDE/Resources/WE_MAKE_IT.png; sourceTree = "<group>"; };
		E9200481E74F4EE58F0E27C6 /* icon-60@3x.png */ = {isa = PBXFileReference; lastKnownFileType = image.png; name = "icon-60@3x.png"; path = "ProgressSDE/Resources/icon-60@3x.png"; sourceTree = "<group>"; };
		EC76BACF53EF4E30BDDE5B95 /* icon-20.png */ = {isa = PBXFileReference; lastKnownFileType = image.png; name = "icon-20.png"; path = "ProgressSDE/Resources/icon-20.png"; sourceTree = "<group>"; };
		EEDF8F2F46E144DC981A4ABB /* icon-40@2x.png */ = {isa = PBXFileReference; lastKnownFileType = image.png; name = "icon-40@2x.png"; path = "ProgressSDE/Resources/icon-40@2x.png"; sourceTree = "<group>"; };
		F63E390932484C74BD0EBA98 /* icon-76.png */ = {isa = PBXFileReference; lastKnownFileType = image.png; name = "icon-76.png"; path = "ProgressSDE/Resources/icon-76.png"; sourceTree = "<group>"; };
		F90B3730818C4C5AB42E8484 /* medications.png */ = {isa = PBXFileReference; lastKnownFileType = image.png; name = medications.png; path = ProgressSDE/Resources/medications.png; sourceTree = "<group>"; };
/* End PBXFileReference section */

/* Begin PBXFrameworksBuildPhase section */
		858B83F418CA22B800AB12DE /* Frameworks */ = {
			isa = PBXFrameworksBuildPhase;
			buildActionMask = 2147483647;
			files = (
				152C354591604A2AAAF345FE /* PushPlugin.framework in Frameworks */,
				92E124C4DEBE4116A848F656 /* TelerikUI.framework in Frameworks */,
				8CEAA8720C0048FFBA4BE121 /* TNSWidgets.framework in Frameworks */,
				857317F64671E6D097AA5AEF /* Pods_ProgressSDE.framework in Frameworks */,
			);
			runOnlyForDeploymentPostprocessing = 0;
		};
/* End PBXFrameworksBuildPhase section */

/* Begin PBXGroup section */
		852D74ECD888B1B45C82FFD1 /* Pods */ = {
			isa = PBXGroup;
			children = (
			);
			name = Pods;
			sourceTree = "<group>";
		};
		858B832518CA111C00AB12DE = {
			isa = PBXGroup;
			children = (
				E070579D1B39A9D000214BF1 /* Resources */,
				858B833718CA111C00AB12DE /* ProgressSDE */,
				858B833018CA111C00AB12DE /* Frameworks */,
				858B832F18CA111C00AB12DE /* Products */,
				852D74ECD888B1B45C82FFD1 /* Pods */,
			);
			sourceTree = "<group>";
		};
		858B832F18CA111C00AB12DE /* Products */ = {
			isa = PBXGroup;
			children = (
				858B832E18CA111C00AB12DE /* ProgressSDE.app */,
				858B843318CA22B800AB12DE /* ProgressSDE.app */,
			);
			name = Products;
			sourceTree = "<group>";
		};
		858B833018CA111C00AB12DE /* Frameworks */ = {
			isa = PBXGroup;
			children = (
				6613A262516C4E43AC5C4139 /* PushPlugin.framework */,
				3036B2170A3047398AD20774 /* TelerikUI.framework */,
				D100FE39016E428589950D64 /* TNSWidgets.framework */,
				073D0757C62B2F5D2CFBCA69 /* Pods_ProgressSDE.framework */,
			);
			name = Frameworks;
			sourceTree = "<group>";
		};
		858B833718CA111C00AB12DE /* ProgressSDE */ = {
			isa = PBXGroup;
			children = (
				CD45EE7A18DC2D5800FB50C0 /* app */,
				858B833818CA111C00AB12DE /* Supporting Files */,
			);
			path = ProgressSDE;
			sourceTree = "<group>";
		};
		858B833818CA111C00AB12DE /* Supporting Files */ = {
			isa = PBXGroup;
			children = (
				CDF4743E1BA4855C0087EA85 /* build.xcconfig */,
				CDD59A261BB43B5D00EC2671 /* build-debug.xcconfig */,
				CDD59A271BB43B5D00EC2671 /* build-release.xcconfig */,
				858B833918CA111C00AB12DE /* ProgressSDE-Info.plist */,
				858B833A18CA111C00AB12DE /* InfoPlist.strings */,
				CD62955C1BB2678900AE3A93 /* main.m */,
				858B833F18CA111C00AB12DE /* ProgressSDE-Prefix.pch */,
			);
			name = "Supporting Files";
			sourceTree = "<group>";
		};
		E070579D1B39A9D000214BF1 /* Resources */ = {
			isa = PBXGroup;
			children = (
				464FDF83C2C1483284DE6EDA /* CHOOSE_YOUR_OWN.png */,
				732C91CC25404532A0BAC8ED /* CHOOSE_YOUR_OWN_th.png */,
				23FCEFEBB5B44DFF81408425 /* Contents.json */,
				C5EE128127E944159D378484 /* Default-568h@2x.png */,
				3A24F9C1FCFD480285BADC85 /* Default-667h@2x.png */,
				19C06752D0E049ECB5B627C8 /* Default-736h@3x.png */,
				03D6E40336F14C6CA0F07314 /* Default-Landscape-568h@2x.png */,
				3B8C5DB9DD7B489BA1548734 /* Default-Landscape-667h@2x.png */,
				AB29968149D641E89C111D43 /* Default-Landscape.png */,
				8596D0D0098C4928BB7F0D03 /* Default-Landscape@2x.png */,
				1343A9381EF44428A960B296 /* Default-Landscape@3x.png */,
				9DC1885568674D72B1D2958E /* Default-Portrait.png */,
				C6B3B54D645D426AA4B03D56 /* Default-Portrait@2x.png */,
				6CD74A6CCB314A9C95640F49 /* Default.png */,
				A8753BF07DC0498CB17CB975 /* Default@2x.png */,
				D4462564A1314A1EBC128E74 /* ENTERPRISE-GRADE.png */,
				5F0F60603B5447BA8575003A /* ENTERPRISE-GRADE_th.png */,
				28605D0E8D9A4CB4A1B6A82D /* Icon-Small-50.png */,
				2891A4DE5C8D4911BC3B54DF /* Icon-Small-50@2x.png */,
				39318AF80D4040DABF58AE4D /* KNOW_YOUR_USERS.png */,
				B2144B4935F94B7A95DD06E6 /* KNOW_YOUR_USERS_th.png */,
				3EED76E506CB4158AF33D70C /* LaunchScreen.xib */,
				6F768B38344C4C9881003928 /* ONE_BACKEND.png */,
				27FC8F25BB654D2CA175DA23 /* ONE_BACKEND_th.png */,
				7AA6ECBBBB364BEAB552D357 /* OUR_SLAS_AND.png */,
				4F1C179508F94B749706A748 /* OUR_SLAS_AND_th.png */,
				19FB9224ACFB4A3FAC71607C /* PERSONALIZED.png */,
				83F2D13ABAFF410A8E3EFA21 /* PERSONALIZED_th.png */,
				B41A8D4513174D179F108234 /* PROTECT_YOUR.png */,
				B759BD80FD714B609BAE5EC0 /* PROTECT_YOUR_th.png */,
				D0579F6DF9BE4C1CB796073A /* THE_COMPLETE_PLATFORM.png */,
				A92EB66900354EB1B57D1109 /* THE_COMPLETE_PLATFORM_th.png */,
				D6D1414A2EA6403E82C9B4FB /* TURN-KEY_BACKEND.png */,
				B4824D73A10A4F3B95CDF9B1 /* TURN-KEY_BACKEND_th.png */,
				E82D74CA63224DBBB62ECEFB /* WE_MAKE_IT.png */,
				3F1F96ADA18C47D7973379EA /* WE_MAKE_IT_th.png */,
				29D96B2F9E8D442AB900DF61 /* checkup.png */,
				18756A0D5A02441EA837E402 /* colon.png */,
				A0C1FD11AEFA4C5EB554F6A7 /* consult.png */,
				AA0AE2BCCE0349C98263C3D7 /* exam.png */,
				B8CA1A0DEE8A48A6BC993556 /* flu.png */,
				1DD8E0FE887C4C93814A3A40 /* genetic.png */,
				4CD6394CD7C84E6FA41C16F2 /* iTunesArtwork.png */,
				D5892D836505439EA67AC95C /* iTunesArtwork@2x.png */,
				26821EB40C9F4DB49DCA4A8B /* ic_menu.png */,
				52DE4009DD0F4D30A501CAD2 /* ic_menu@2x.png */,
				A8DD9DF520694E46A11A4F62 /* ic_menu@3x.png */,
				D017CF42AD904263B8FC70A7 /* icon 2.png */,
				C04F2BFF6ADD4AD3BDB3D5D6 /* icon-120.png */,
				EC76BACF53EF4E30BDDE5B95 /* icon-20.png */,
				8F88704843D343E3A4F85BC9 /* icon-20@2x.png */,
				B2A831B214F14870ABBA5BC9 /* icon-20@3x.png */,
				1DDFCCD6AE574CD2A9DE39E0 /* icon-29.png */,
				260D15F7F1A5419494020508 /* icon-29@2x.png */,
				5B56EFE7844D41369909945B /* icon-29@3x.png */,
				17A34D70374C4454BA4D6517 /* icon-40.png */,
				EEDF8F2F46E144DC981A4ABB /* icon-40@2x.png */,
				90CA1D989958487D861162C2 /* icon-40@3x.png */,
				A40529AD80EA4F339D443FFF /* icon-50.png */,
				571F4BD9A36E4C9D9D793B1D /* icon-50@2x.png */,
				24545ECBD4F44B6A981FBFB2 /* icon-50@3x.png */,
				9DB8188673E545CD9D465EE6 /* icon-57.png */,
				7A2042FBD704412F95D24161 /* icon-57@2x.png */,
				E5F066035F5340109C5BEEE1 /* icon-57@3x.png */,
				1799F40210524564B7BA3E48 /* icon-60.png */,
				998F294630204079BD884BB9 /* icon-60@2x.png */,
				E9200481E74F4EE58F0E27C6 /* icon-60@3x.png */,
				D8D6D2812BF84C4199AD7374 /* icon-72.png */,
				5895C27B2984444DA4E81777 /* icon-72@2x.png */,
				E1215EA12C194DA7A69ABA36 /* icon-72@3x.png */,
				F63E390932484C74BD0EBA98 /* icon-76.png */,
				254FCFCB7E974E8292A29F6B /* icon-76@2x.png */,
				6AD55875D19E4221B8F62DEE /* icon-76@3x.png */,
				5BF10394245940F48EB6ED7F /* icon-83.5@2x.png */,
				6F95C8710FDF46A7A2E3D46C /* icon-Small.png */,
				670CF135DF4D40599AAFCDA7 /* icon-Small@2x.png */,
				DD8CAC10EFDF45678E522BD5 /* icon-Small@3x.png */,
				0D9E360A84F348A1B685E92D /* icon-health.png */,
				B03E167616EC42C6B677FB80 /* icon.png */,
				5AC3E43949FB4090B99494C1 /* icon@2x.png */,
				17E39D4599C44FD0AED9F388 /* kinvey-logo-black.png */,
				D82E129FFA1E4FECBD5FAF09 /* kinvey-logo.png */,
				5DB70AAD78884A5693459518 /* list.png */,
				F90B3730818C4C5AB42E8484 /* medications.png */,
				9FB7A86EC4024C0F9D3465D2 /* nehlogo.png */,
				7EA723D54C1B44C3A3BFE69B /* notes.png */,
				2AC77B0961C04504A930A21D /* questions.png */,
				A55EC257481E4CAD9B5E46EE /* splash.png */,
			);
			name = Resources;
			sourceTree = "<group>";
		};
/* End PBXGroup section */

/* Begin PBXNativeTarget section */
		858B83EF18CA22B800AB12DE /* ProgressSDE */ = {
			isa = PBXNativeTarget;
			buildConfigurationList = 858B843018CA22B800AB12DE /* Build configuration list for PBXNativeTarget "ProgressSDE" */;
			buildPhases = (
				9D1A97896750214A6AA80EF4 /* [CP] Check Pods Manifest.lock */,
				C97FD7AC1ADE5369004DB2A4 /* NativeScript PreBuild */,
				858B83F218CA22B800AB12DE /* Sources */,
				CD62955B1BB2651D00AE3A93 /* NativeScript PreLink */,
				858B83F418CA22B800AB12DE /* Frameworks */,
				858B842C18CA22B800AB12DE /* Resources */,
				85F5BDFC1A9363BE006B9701 /* Embed Frameworks */,
				CD3EAD351B05FF060042DBFC /* NativeScript PostBuild */,
				5DF776CAAED43D6652DCE7EF /* [CP] Embed Pods Frameworks */,
				FCA93FF322E35AD435630100 /* [CP] Copy Pods Resources */,
			);
			buildRules = (
			);
			dependencies = (
			);
			name = ProgressSDE;
			productName = JDBridgeApp;
			productReference = 858B843318CA22B800AB12DE /* ProgressSDE.app */;
			productType = "com.apple.product-type.application";
		};
/* End PBXNativeTarget section */

/* Begin PBXProject section */
		858B832618CA111C00AB12DE /* Project object */ = {
			isa = PBXProject;
			attributes = {
				CLASSPREFIX = TNS;
				LastUpgradeCheck = 500;
				ORGANIZATIONNAME = Telerik;
				TargetAttributes = {
					858B83EF18CA22B800AB12DE = {
						DevelopmentTeam = 5W7CYNR7UE;
						ProvisioningStyle = Automatic;
					};
				};
			};
			buildConfigurationList = 858B832918CA111C00AB12DE /* Build configuration list for PBXProject "ProgressSDE" */;
			compatibilityVersion = "Xcode 3.2";
			developmentRegion = English;
			hasScannedForEncodings = 0;
			knownRegions = (
				en,
			);
			mainGroup = 858B832518CA111C00AB12DE;
			productRefGroup = 858B832F18CA111C00AB12DE /* Products */;
			projectDirPath = "";
			projectRoot = "";
			targets = (
				858B83EF18CA22B800AB12DE /* ProgressSDE */,
			);
		};
/* End PBXProject section */

/* Begin PBXResourcesBuildPhase section */
		858B842C18CA22B800AB12DE /* Resources */ = {
			isa = PBXResourcesBuildPhase;
			buildActionMask = 2147483647;
			files = (
				CD45EE7C18DC2D5800FB50C0 /* app in Resources */,
				858B842D18CA22B800AB12DE /* InfoPlist.strings in Resources */,
				A368890A0AF8478D911413E1 /* CHOOSE_YOUR_OWN.png in Resources */,
				5D2CE60C6790427BA5B55024 /* CHOOSE_YOUR_OWN_th.png in Resources */,
				D84C0CBD97A04DDB82D463DC /* Contents.json in Resources */,
				64B8E14CDC5644A2B45A13A8 /* Default-568h@2x.png in Resources */,
				203B5876449D49558ACBB72B /* Default-667h@2x.png in Resources */,
				77D6213B6D80429C88BC0CFB /* Default-736h@3x.png in Resources */,
				FA98CE63F76A474CA009D3E5 /* Default-Landscape-568h@2x.png in Resources */,
				246C8875AE254EDAB82284E9 /* Default-Landscape-667h@2x.png in Resources */,
				5B8CB559E5E7475DA1B7082D /* Default-Landscape.png in Resources */,
				36A9D314EF0E42D98DD24EAE /* Default-Landscape@2x.png in Resources */,
				CB50F21D32174723AA459E21 /* Default-Landscape@3x.png in Resources */,
				BB9FB5A3B2624150980BB1F5 /* Default-Portrait.png in Resources */,
				6AD88E2C9B86401CB56851A5 /* Default-Portrait@2x.png in Resources */,
				243E61F78F2646DEB1FD25FD /* Default.png in Resources */,
				43077E0792274F6A9D016F91 /* Default@2x.png in Resources */,
				F097E7818A8F4981BD08AFF5 /* ENTERPRISE-GRADE.png in Resources */,
				054C136FAAED4DAE9C14BCD1 /* ENTERPRISE-GRADE_th.png in Resources */,
				5FC3887F237C421A9FA83E4D /* Icon-Small-50.png in Resources */,
				1BB02AB707C64509B02DB38F /* Icon-Small-50@2x.png in Resources */,
				AC655E4E493E48B09451A0F8 /* KNOW_YOUR_USERS.png in Resources */,
				4337D30D165B41908FA078C2 /* KNOW_YOUR_USERS_th.png in Resources */,
				27E7D262BFB24D3493953B09 /* LaunchScreen.xib in Resources */,
				C85FD800F8E84843AD693EBC /* ONE_BACKEND.png in Resources */,
				4480E13CA48A4546AE8E38F1 /* ONE_BACKEND_th.png in Resources */,
				A65A37CA728B4616B5EBDFD1 /* OUR_SLAS_AND.png in Resources */,
				1EC4D08714D74984B9AC5CF6 /* OUR_SLAS_AND_th.png in Resources */,
				0111B96398F64BF99399D57F /* PERSONALIZED.png in Resources */,
				DD15772056654B409FC3A6D3 /* PERSONALIZED_th.png in Resources */,
				FAF7F968E12C4DFC83299F69 /* PROTECT_YOUR.png in Resources */,
				DCBE8065AEE04D73AEF1E28C /* PROTECT_YOUR_th.png in Resources */,
				9B15A8564A3141DF8BC71325 /* THE_COMPLETE_PLATFORM.png in Resources */,
				502931A2F695455384CA4F16 /* THE_COMPLETE_PLATFORM_th.png in Resources */,
				57411624CDF8415EA1084A26 /* TURN-KEY_BACKEND.png in Resources */,
				F1FF30C9D6E345039347765A /* TURN-KEY_BACKEND_th.png in Resources */,
				A16A87CC052D457D87FAE58B /* WE_MAKE_IT.png in Resources */,
				255F5A6255924C39873EBCD0 /* WE_MAKE_IT_th.png in Resources */,
				0DA67BAD540944D2B9F7F73F /* checkup.png in Resources */,
				CBEC82D010D34D29B6EB9ABD /* colon.png in Resources */,
				533A1358F1804B68B82B20E4 /* consult.png in Resources */,
				354471F18E274F07AAAFE42F /* exam.png in Resources */,
				00FA06C020D54D09A6F37CAB /* flu.png in Resources */,
				4268F58860414F169F91806B /* genetic.png in Resources */,
				84553FFD738F4A87AC3B5D54 /* iTunesArtwork.png in Resources */,
				43DE2AF0EE53478FA637D9DF /* iTunesArtwork@2x.png in Resources */,
				CC0769C41678498CA7F0F332 /* ic_menu.png in Resources */,
				E3E19AA511224A12956709F0 /* ic_menu@2x.png in Resources */,
				E91E29ABC00D458B88B7956E /* ic_menu@3x.png in Resources */,
				99CE1385D38740BE9CD693EC /* icon 2.png in Resources */,
				4870C89E291340F5817F7A83 /* icon-120.png in Resources */,
				D0E8631D404C4CD6890D4396 /* icon-20.png in Resources */,
				A76A7FCC4B8C48FCA176681B /* icon-20@2x.png in Resources */,
				EA4580710F6E4C64B2AF76DC /* icon-20@3x.png in Resources */,
				A9B3C766EFD84C8C80E2E430 /* icon-29.png in Resources */,
				F1D5F41DBA954F5596196501 /* icon-29@2x.png in Resources */,
				B8955978EA69450DA08DBB8F /* icon-29@3x.png in Resources */,
				5CE29D9BDA13482BA340AE89 /* icon-40.png in Resources */,
				5486B928FF754EE4B2956E47 /* icon-40@2x.png in Resources */,
				71A3EE56827A44A8A9F9FECB /* icon-40@3x.png in Resources */,
				93117D6DF3FB4D7985624417 /* icon-50.png in Resources */,
				39E68C7A3FF84900B67C842A /* icon-50@2x.png in Resources */,
				B2258F02568345AC8BDD7DA8 /* icon-50@3x.png in Resources */,
				0706D1D7E3DA4D228197C204 /* icon-57.png in Resources */,
				5C0B67D89F6849129C9F8180 /* icon-57@2x.png in Resources */,
				3241BFFE0AEF4ADF941E7161 /* icon-57@3x.png in Resources */,
				2D5C879BD17441B6B1DED844 /* icon-60.png in Resources */,
				8C2CC6523A404DB3983E67AE /* icon-60@2x.png in Resources */,
				BA8962D3BA3C47D1AEE9EA5B /* icon-60@3x.png in Resources */,
				6DF88DAAA5854F858D71C65D /* icon-72.png in Resources */,
				5CED5C21ACCC48969A896C5A /* icon-72@2x.png in Resources */,
				E33B6CD562FF4A17B36F43E4 /* icon-72@3x.png in Resources */,
				8E7AD18EB8254C46902FCB37 /* icon-76.png in Resources */,
				53CD17B5BC92443CBDA55DB4 /* icon-76@2x.png in Resources */,
				6365EF47ED764A16BCC88B86 /* icon-76@3x.png in Resources */,
				FF52BFE15E764350BC3AE2D9 /* icon-83.5@2x.png in Resources */,
				9ABA58A909DF444FB387BB9B /* icon-Small.png in Resources */,
				60F95E1B4C164C518C5CB2E5 /* icon-Small@2x.png in Resources */,
				D880D2A6C21441D389D1A1EC /* icon-Small@3x.png in Resources */,
				14573FF921ED40A79C675E66 /* icon-health.png in Resources */,
				9C06349C7E6846928FFCB1F0 /* icon.png in Resources */,
				F15FA24D1FD74868A18910CC /* icon@2x.png in Resources */,
				80458200CD2D440E92A3C08D /* kinvey-logo-black.png in Resources */,
				95B0F38B82B24DD789A32943 /* kinvey-logo.png in Resources */,
				B146F9FC0CFB46AEAC7DCA56 /* list.png in Resources */,
				60032303510F4C6498196196 /* medications.png in Resources */,
				903116986F384625A068BB10 /* nehlogo.png in Resources */,
				66F62443590B4D41A035A67E /* notes.png in Resources */,
				F78D064AC4E3471692FF8841 /* questions.png in Resources */,
				08B8DD175D7E45C89CFF6664 /* splash.png in Resources */,
			);
			runOnlyForDeploymentPostprocessing = 0;
		};
/* End PBXResourcesBuildPhase section */

/* Begin PBXShellScriptBuildPhase section */
		5DF776CAAED43D6652DCE7EF /* [CP] Embed Pods Frameworks */ = {
			isa = PBXShellScriptBuildPhase;
			buildActionMask = 2147483647;
			files = (
			);
			inputPaths = (
			);
			name = "[CP] Embed Pods Frameworks";
			outputPaths = (
			);
			runOnlyForDeploymentPostprocessing = 0;
			shellPath = /bin/sh;
			shellScript = "\"${SRCROOT}/Pods/Target Support Files/Pods-ProgressSDE/Pods-ProgressSDE-frameworks.sh\"\n";
			showEnvVarsInLog = 0;
		};
		9D1A97896750214A6AA80EF4 /* [CP] Check Pods Manifest.lock */ = {
			isa = PBXShellScriptBuildPhase;
			buildActionMask = 2147483647;
			files = (
			);
			inputPaths = (
			);
			name = "[CP] Check Pods Manifest.lock";
			outputPaths = (
			);
			runOnlyForDeploymentPostprocessing = 0;
			shellPath = /bin/sh;
			shellScript = "diff \"${PODS_ROOT}/../Podfile.lock\" \"${PODS_ROOT}/Manifest.lock\" > /dev/null\nif [ $? != 0 ] ; then\n    # print error to STDERR\n    echo \"error: The sandbox is not in sync with the Podfile.lock. Run 'pod install' or update your CocoaPods installation.\" >&2\n    exit 1\nfi\n";
			showEnvVarsInLog = 0;
		};
		C97FD7AC1ADE5369004DB2A4 /* NativeScript PreBuild */ = {
			isa = PBXShellScriptBuildPhase;
			buildActionMask = 2147483647;
			files = (
			);
			inputPaths = (
			);
			name = "NativeScript PreBuild";
			outputPaths = (
			);
			runOnlyForDeploymentPostprocessing = 0;
			shellPath = /bin/sh;
			shellScript = "\"$SRCROOT/internal/nativescript-pre-build\"";
			showEnvVarsInLog = 0;
		};
		CD3EAD351B05FF060042DBFC /* NativeScript PostBuild */ = {
			isa = PBXShellScriptBuildPhase;
			buildActionMask = 2147483647;
			files = (
			);
			inputPaths = (
			);
			name = "NativeScript PostBuild";
			outputPaths = (
			);
			runOnlyForDeploymentPostprocessing = 0;
			shellPath = /bin/sh;
			shellScript = "\"$SRCROOT/internal/nativescript-post-build\"";
			showEnvVarsInLog = 0;
		};
		CD62955B1BB2651D00AE3A93 /* NativeScript PreLink */ = {
			isa = PBXShellScriptBuildPhase;
			buildActionMask = 2147483647;
			files = (
			);
			inputPaths = (
			);
			name = "NativeScript PreLink";
			outputPaths = (
			);
			runOnlyForDeploymentPostprocessing = 0;
			shellPath = /bin/sh;
			shellScript = "\"$SRCROOT/internal/nativescript-pre-link\"";
			showEnvVarsInLog = 0;
		};
		FCA93FF322E35AD435630100 /* [CP] Copy Pods Resources */ = {
			isa = PBXShellScriptBuildPhase;
			buildActionMask = 2147483647;
			files = (
			);
			inputPaths = (
			);
			name = "[CP] Copy Pods Resources";
			outputPaths = (
			);
			runOnlyForDeploymentPostprocessing = 0;
			shellPath = /bin/sh;
			shellScript = "\"${SRCROOT}/Pods/Target Support Files/Pods-ProgressSDE/Pods-ProgressSDE-resources.sh\"\n";
			showEnvVarsInLog = 0;
		};
/* End PBXShellScriptBuildPhase section */

/* Begin PBXSourcesBuildPhase section */
		858B83F218CA22B800AB12DE /* Sources */ = {
			isa = PBXSourcesBuildPhase;
			buildActionMask = 2147483647;
			files = (
				CD62955D1BB2678900AE3A93 /* main.m in Sources */,
			);
			runOnlyForDeploymentPostprocessing = 0;
		};
/* End PBXSourcesBuildPhase section */

/* Begin PBXVariantGroup section */
		858B833A18CA111C00AB12DE /* InfoPlist.strings */ = {
			isa = PBXVariantGroup;
			children = (
				858B833B18CA111C00AB12DE /* en */,
			);
			name = InfoPlist.strings;
			sourceTree = "<group>";
		};
/* End PBXVariantGroup section */

/* Begin XCBuildConfiguration section */
		858B835818CA111C00AB12DE /* Debug */ = {
			isa = XCBuildConfiguration;
			buildSettings = {
				ALWAYS_SEARCH_USER_PATHS = NO;
				ARCHS = "$(ARCHS_STANDARD)";
				CLANG_CXX_LANGUAGE_STANDARD = "gnu++0x";
				CLANG_CXX_LIBRARY = "libc++";
				CLANG_ENABLE_MODULES = YES;
				CLANG_ENABLE_OBJC_ARC = YES;
				CLANG_WARN_BOOL_CONVERSION = YES;
				CLANG_WARN_CONSTANT_CONVERSION = YES;
				CLANG_WARN_DIRECT_OBJC_ISA_USAGE = YES_ERROR;
				CLANG_WARN_EMPTY_BODY = YES;
				CLANG_WARN_ENUM_CONVERSION = YES;
				CLANG_WARN_INT_CONVERSION = YES;
				CLANG_WARN_OBJC_ROOT_CLASS = YES_ERROR;
				CLANG_WARN__DUPLICATE_METHOD_MATCH = YES;
				"CODE_SIGN_IDENTITY[sdk=iphoneos*]" = "iPhone Developer";
				COPY_PHASE_STRIP = NO;
				GCC_C_LANGUAGE_STANDARD = gnu99;
				GCC_DYNAMIC_NO_PIC = NO;
				GCC_OPTIMIZATION_LEVEL = 0;
				GCC_SYMBOLS_PRIVATE_EXTERN = NO;
				GCC_WARN_64_TO_32_BIT_CONVERSION = YES;
				GCC_WARN_ABOUT_RETURN_TYPE = YES_ERROR;
				GCC_WARN_UNDECLARED_SELECTOR = YES;
				GCC_WARN_UNINITIALIZED_AUTOS = YES;
				GCC_WARN_UNUSED_FUNCTION = YES;
				GCC_WARN_UNUSED_VARIABLE = YES;
				IPHONEOS_DEPLOYMENT_TARGET = 8.0;
				ONLY_ACTIVE_ARCH = YES;
				SDKROOT = iphoneos;
				TARGETED_DEVICE_FAMILY = "1,2";
				VALID_ARCHS = "armv7 arm64";
			};
			name = Debug;
		};
		858B835918CA111C00AB12DE /* Release */ = {
			isa = XCBuildConfiguration;
			buildSettings = {
				ALWAYS_SEARCH_USER_PATHS = NO;
				ARCHS = "$(ARCHS_STANDARD)";
				CLANG_CXX_LANGUAGE_STANDARD = "gnu++0x";
				CLANG_CXX_LIBRARY = "libc++";
				CLANG_ENABLE_MODULES = YES;
				CLANG_ENABLE_OBJC_ARC = YES;
				CLANG_WARN_BOOL_CONVERSION = YES;
				CLANG_WARN_CONSTANT_CONVERSION = YES;
				CLANG_WARN_DIRECT_OBJC_ISA_USAGE = YES_ERROR;
				CLANG_WARN_EMPTY_BODY = YES;
				CLANG_WARN_ENUM_CONVERSION = YES;
				CLANG_WARN_INT_CONVERSION = YES;
				CLANG_WARN_OBJC_ROOT_CLASS = YES_ERROR;
				CLANG_WARN__DUPLICATE_METHOD_MATCH = YES;
				"CODE_SIGN_IDENTITY[sdk=iphoneos*]" = "iPhone Developer";
				COPY_PHASE_STRIP = YES;
				ENABLE_NS_ASSERTIONS = NO;
				GCC_C_LANGUAGE_STANDARD = gnu99;
				GCC_WARN_64_TO_32_BIT_CONVERSION = YES;
				GCC_WARN_ABOUT_RETURN_TYPE = YES_ERROR;
				GCC_WARN_UNDECLARED_SELECTOR = YES;
				GCC_WARN_UNINITIALIZED_AUTOS = YES;
				GCC_WARN_UNUSED_FUNCTION = YES;
				GCC_WARN_UNUSED_VARIABLE = YES;
				IPHONEOS_DEPLOYMENT_TARGET = 8.0;
				SDKROOT = iphoneos;
				TARGETED_DEVICE_FAMILY = "1,2";
				VALIDATE_PRODUCT = YES;
				VALID_ARCHS = "armv7 arm64";
			};
			name = Release;
		};
		858B843118CA22B800AB12DE /* Debug */ = {
			isa = XCBuildConfiguration;
			baseConfigurationReference = CDD59A261BB43B5D00EC2671 /* build-debug.xcconfig */;
			buildSettings = {
				ARCHS = "$(ARCHS_STANDARD)";
				CLANG_ENABLE_MODULES = NO;
				CLANG_MODULES_AUTOLINK = NO;
				"CODE_SIGN_IDENTITY[sdk=iphoneos*]" = "iPhone Developer";
				DEVELOPMENT_TEAM = 5W7CYNR7UE;
				ENABLE_BITCODE = NO;
				FRAMEWORK_SEARCH_PATHS = (
					"$(inherited)",
					"\"$(SRCROOT)/../../node_modules/nativescript-push-notifications/platforms/ios\"",
					"\"$(SRCROOT)/../../node_modules/nativescript-telerik-ui/platforms/ios\"",
					"\"$(SRCROOT)/../../node_modules/tns-core-modules-widgets/platforms/ios\"",
				);
				GCC_PRECOMPILE_PREFIX_HEADER = YES;
				GCC_PREFIX_HEADER = "ProgressSDE/ProgressSDE-Prefix.pch";
				GCC_PREPROCESSOR_DEFINITIONS = (
					"$(inherited)",
					"DEBUG=1",
				);
				INFOPLIST_FILE = "$(SRCROOT)/ProgressSDE/ProgressSDE-Info.plist";
				LD_RUNPATH_SEARCH_PATHS = "$(inherited) @executable_path/Frameworks";
				PRODUCT_NAME = ProgressSDE;
				VALID_ARCHS = "armv7 arm64";
				WRAPPER_EXTENSION = app;
			};
			name = Debug;
		};
		858B843218CA22B800AB12DE /* Release */ = {
			isa = XCBuildConfiguration;
			baseConfigurationReference = CDD59A271BB43B5D00EC2671 /* build-release.xcconfig */;
			buildSettings = {
				ARCHS = "$(ARCHS_STANDARD)";
				CLANG_ENABLE_MODULES = NO;
				CLANG_MODULES_AUTOLINK = NO;
				"CODE_SIGN_IDENTITY[sdk=iphoneos*]" = "iPhone Developer";
				DEVELOPMENT_TEAM = 5W7CYNR7UE;
				ENABLE_BITCODE = NO;
				FRAMEWORK_SEARCH_PATHS = (
					"$(inherited)",
					"\"$(SRCROOT)/../../node_modules/nativescript-push-notifications/platforms/ios\"",
					"\"$(SRCROOT)/../../node_modules/nativescript-telerik-ui/platforms/ios\"",
					"\"$(SRCROOT)/../../node_modules/tns-core-modules-widgets/platforms/ios\"",
				);
				GCC_PRECOMPILE_PREFIX_HEADER = YES;
				GCC_PREFIX_HEADER = "ProgressSDE/ProgressSDE-Prefix.pch";
				INFOPLIST_FILE = "$(SRCROOT)/ProgressSDE/ProgressSDE-Info.plist";
				LD_RUNPATH_SEARCH_PATHS = "$(inherited) @executable_path/Frameworks";
				PRODUCT_NAME = ProgressSDE;
				VALID_ARCHS = "armv7 arm64";
				WRAPPER_EXTENSION = app;
			};
			name = Release;
		};
/* End XCBuildConfiguration section */

/* Begin XCConfigurationList section */
		858B832918CA111C00AB12DE /* Build configuration list for PBXProject "ProgressSDE" */ = {
			isa = XCConfigurationList;
			buildConfigurations = (
				858B835818CA111C00AB12DE /* Debug */,
				858B835918CA111C00AB12DE /* Release */,
			);
			defaultConfigurationIsVisible = 0;
			defaultConfigurationName = Release;
		};
		858B843018CA22B800AB12DE /* Build configuration list for PBXNativeTarget "ProgressSDE" */ = {
			isa = XCConfigurationList;
			buildConfigurations = (
				858B843118CA22B800AB12DE /* Debug */,
				858B843218CA22B800AB12DE /* Release */,
			);
			defaultConfigurationIsVisible = 0;
			defaultConfigurationName = Release;
		};
/* End XCConfigurationList section */
	};
	rootObject = 858B832618CA111C00AB12DE /* Project object */;
}
